// !$*UTF8*$!
{
	archiveVersion = 1;
	classes = {
	};
	objectVersion = 50;
	objects = {

/* Begin PBXBuildFile section */
		D3B876E426299E7D00D171CC /* AppDelegate.swift in Sources */ = {isa = PBXBuildFile; fileRef = D3B876E326299E7D00D171CC /* AppDelegate.swift */; };
		D3B876E626299E7D00D171CC /* SceneDelegate.swift in Sources */ = {isa = PBXBuildFile; fileRef = D3B876E526299E7D00D171CC /* SceneDelegate.swift */; };
		D3B876E826299E7D00D171CC /* ViewController.swift in Sources */ = {isa = PBXBuildFile; fileRef = D3B876E726299E7D00D171CC /* ViewController.swift */; };
		D3B876EB26299E7D00D171CC /* Main.storyboard in Resources */ = {isa = PBXBuildFile; fileRef = D3B876E926299E7D00D171CC /* Main.storyboard */; };
		D3B876ED26299E7E00D171CC /* Assets.xcassets in Resources */ = {isa = PBXBuildFile; fileRef = D3B876EC26299E7E00D171CC /* Assets.xcassets */; };
		D3B876F026299E7E00D171CC /* LaunchScreen.storyboard in Resources */ = {isa = PBXBuildFile; fileRef = D3B876EE26299E7E00D171CC /* LaunchScreen.storyboard */; };
		D3B876FB26299E7E00D171CC /* ordersTests.swift in Sources */ = {isa = PBXBuildFile; fileRef = D3B876FA26299E7E00D171CC /* ordersTests.swift */; };
		D3B8770626299E7E00D171CC /* ordersUITests.swift in Sources */ = {isa = PBXBuildFile; fileRef = D3B8770526299E7E00D171CC /* ordersUITests.swift */; };
/* End PBXBuildFile section */

/* Begin PBXContainerItemProxy section */
		D3B876F726299E7E00D171CC /* PBXContainerItemProxy */ = {
			isa = PBXContainerItemProxy;
			containerPortal = D3B876D826299E7D00D171CC /* Project object */;
			proxyType = 1;
			remoteGlobalIDString = D3B876DF26299E7D00D171CC;
			remoteInfo = orders;
		};
		D3B8770226299E7E00D171CC /* PBXContainerItemProxy */ = {
			isa = PBXContainerItemProxy;
			containerPortal = D3B876D826299E7D00D171CC /* Project object */;
			proxyType = 1;
			remoteGlobalIDString = D3B876DF26299E7D00D171CC;
			remoteInfo = orders;
		};
/* End PBXContainerItemProxy section */

/* Begin PBXFileReference section */
		D3B876E026299E7D00D171CC /* orders.app */ = {isa = PBXFileReference; explicitFileType = wrapper.application; includeInIndex = 0; path = orders.app; sourceTree = BUILT_PRODUCTS_DIR; };
		D3B876E326299E7D00D171CC /* AppDelegate.swift */ = {isa = PBXFileReference; lastKnownFileType = sourcecode.swift; path = AppDelegate.swift; sourceTree = "<group>"; };
		D3B876E526299E7D00D171CC /* SceneDelegate.swift */ = {isa = PBXFileReference; lastKnownFileType = sourcecode.swift; path = SceneDelegate.swift; sourceTree = "<group>"; };
		D3B876E726299E7D00D171CC /* ViewController.swift */ = {isa = PBXFileReference; lastKnownFileType = sourcecode.swift; path = ViewController.swift; sourceTree = "<group>"; };
		D3B876EA26299E7D00D171CC /* Base */ = {isa = PBXFileReference; lastKnownFileType = file.storyboard; name = Base; path = Base.lproj/Main.storyboard; sourceTree = "<group>"; };
		D3B876EC26299E7E00D171CC /* Assets.xcassets */ = {isa = PBXFileReference; lastKnownFileType = folder.assetcatalog; path = Assets.xcassets; sourceTree = "<group>"; };
		D3B876EF26299E7E00D171CC /* Base */ = {isa = PBXFileReference; lastKnownFileType = file.storyboard; name = Base; path = Base.lproj/LaunchScreen.storyboard; sourceTree = "<group>"; };
		D3B876F126299E7E00D171CC /* Info.plist */ = {isa = PBXFileReference; lastKnownFileType = text.plist.xml; path = Info.plist; sourceTree = "<group>"; };
		D3B876F626299E7E00D171CC /* ordersTests.xctest */ = {isa = PBXFileReference; explicitFileType = wrapper.cfbundle; includeInIndex = 0; path = ordersTests.xctest; sourceTree = BUILT_PRODUCTS_DIR; };
		D3B876FA26299E7E00D171CC /* ordersTests.swift */ = {isa = PBXFileReference; lastKnownFileType = sourcecode.swift; path = ordersTests.swift; sourceTree = "<group>"; };
		D3B876FC26299E7E00D171CC /* Info.plist */ = {isa = PBXFileReference; lastKnownFileType = text.plist.xml; path = Info.plist; sourceTree = "<group>"; };
		D3B8770126299E7E00D171CC /* ordersUITests.xctest */ = {isa = PBXFileReference; explicitFileType = wrapper.cfbundle; includeInIndex = 0; path = ordersUITests.xctest; sourceTree = BUILT_PRODUCTS_DIR; };
		D3B8770526299E7E00D171CC /* ordersUITests.swift */ = {isa = PBXFileReference; lastKnownFileType = sourcecode.swift; path = ordersUITests.swift; sourceTree = "<group>"; };
		D3B8770726299E7E00D171CC /* Info.plist */ = {isa = PBXFileReference; lastKnownFileType = text.plist.xml; path = Info.plist; sourceTree = "<group>"; };
/* End PBXFileReference section */

/* Begin PBXFrameworksBuildPhase section */
		D3B876DD26299E7D00D171CC /* Frameworks */ = {
			isa = PBXFrameworksBuildPhase;
			buildActionMask = 2147483647;
			files = (
			);
			runOnlyForDeploymentPostprocessing = 0;
		};
		D3B876F326299E7E00D171CC /* Frameworks */ = {
			isa = PBXFrameworksBuildPhase;
			buildActionMask = 2147483647;
			files = (
			);
			runOnlyForDeploymentPostprocessing = 0;
		};
		D3B876FE26299E7E00D171CC /* Frameworks */ = {
			isa = PBXFrameworksBuildPhase;
			buildActionMask = 2147483647;
			files = (
			);
			runOnlyForDeploymentPostprocessing = 0;
		};
/* End PBXFrameworksBuildPhase section */

/* Begin PBXGroup section */
		D3B876D726299E7D00D171CC = {
			isa = PBXGroup;
			children = (
				D3B876E226299E7D00D171CC /* orders */,
				D3B876F926299E7E00D171CC /* ordersTests */,
				D3B8770426299E7E00D171CC /* ordersUITests */,
				D3B876E126299E7D00D171CC /* Products */,
			);
			sourceTree = "<group>";
		};
		D3B876E126299E7D00D171CC /* Products */ = {
			isa = PBXGroup;
			children = (
				D3B876E026299E7D00D171CC /* orders.app */,
				D3B876F626299E7E00D171CC /* ordersTests.xctest */,
				D3B8770126299E7E00D171CC /* ordersUITests.xctest */,
			);
			name = Products;
			sourceTree = "<group>";
		};
		D3B876E226299E7D00D171CC /* orders */ = {
			isa = PBXGroup;
			children = (
				D3B876E326299E7D00D171CC /* AppDelegate.swift */,
				D3B876E526299E7D00D171CC /* SceneDelegate.swift */,
				D3B876E726299E7D00D171CC /* ViewController.swift */,
				D3B876E926299E7D00D171CC /* Main.storyboard */,
				D3B876EC26299E7E00D171CC /* Assets.xcassets */,
				D3B876EE26299E7E00D171CC /* LaunchScreen.storyboard */,
				D3B876F126299E7E00D171CC /* Info.plist */,
			);
			path = orders;
			sourceTree = "<group>";
		};
		D3B876F926299E7E00D171CC /* ordersTests */ = {
			isa = PBXGroup;
			children = (
				D3B876FA26299E7E00D171CC /* ordersTests.swift */,
				D3B876FC26299E7E00D171CC /* Info.plist */,
			);
			path = ordersTests;
			sourceTree = "<group>";
		};
		D3B8770426299E7E00D171CC /* ordersUITests */ = {
			isa = PBXGroup;
			children = (
				D3B8770526299E7E00D171CC /* ordersUITests.swift */,
				D3B8770726299E7E00D171CC /* Info.plist */,
			);
			path = ordersUITests;
			sourceTree = "<group>";
		};
/* End PBXGroup section */

/* Begin PBXNativeTarget section */
		D3B876DF26299E7D00D171CC /* orders */ = {
			isa = PBXNativeTarget;
			buildConfigurationList = D3B8770A26299E7E00D171CC /* Build configuration list for PBXNativeTarget "orders" */;
			buildPhases = (
				D3B876DC26299E7D00D171CC /* Sources */,
				D3B876DD26299E7D00D171CC /* Frameworks */,
				D3B876DE26299E7D00D171CC /* Resources */,
			);
			buildRules = (
			);
			dependencies = (
			);
			name = orders;
			productName = orders;
			productReference = D3B876E026299E7D00D171CC /* orders.app */;
			productType = "com.apple.product-type.application";
		};
		D3B876F526299E7E00D171CC /* ordersTests */ = {
			isa = PBXNativeTarget;
			buildConfigurationList = D3B8770D26299E7E00D171CC /* Build configuration list for PBXNativeTarget "ordersTests" */;
			buildPhases = (
				D3B876F226299E7E00D171CC /* Sources */,
				D3B876F326299E7E00D171CC /* Frameworks */,
				D3B876F426299E7E00D171CC /* Resources */,
			);
			buildRules = (
			);
			dependencies = (
				D3B876F826299E7E00D171CC /* PBXTargetDependency */,
			);
			name = ordersTests;
			productName = ordersTests;
			productReference = D3B876F626299E7E00D171CC /* ordersTests.xctest */;
			productType = "com.apple.product-type.bundle.unit-test";
		};
		D3B8770026299E7E00D171CC /* ordersUITests */ = {
			isa = PBXNativeTarget;
			buildConfigurationList = D3B8771026299E7E00D171CC /* Build configuration list for PBXNativeTarget "ordersUITests" */;
			buildPhases = (
				D3B876FD26299E7E00D171CC /* Sources */,
				D3B876FE26299E7E00D171CC /* Frameworks */,
				D3B876FF26299E7E00D171CC /* Resources */,
			);
			buildRules = (
			);
			dependencies = (
				D3B8770326299E7E00D171CC /* PBXTargetDependency */,
			);
			name = ordersUITests;
			productName = ordersUITests;
			productReference = D3B8770126299E7E00D171CC /* ordersUITests.xctest */;
			productType = "com.apple.product-type.bundle.ui-testing";
		};
/* End PBXNativeTarget section */

/* Begin PBXProject section */
		D3B876D826299E7D00D171CC /* Project object */ = {
			isa = PBXProject;
			attributes = {
				LastSwiftUpdateCheck = 1220;
				LastUpgradeCheck = 1220;
				TargetAttributes = {
					D3B876DF26299E7D00D171CC = {
						CreatedOnToolsVersion = 12.2;
					};
					D3B876F526299E7E00D171CC = {
						CreatedOnToolsVersion = 12.2;
						TestTargetID = D3B876DF26299E7D00D171CC;
					};
					D3B8770026299E7E00D171CC = {
						CreatedOnToolsVersion = 12.2;
						TestTargetID = D3B876DF26299E7D00D171CC;
					};
				};
			};
			buildConfigurationList = D3B876DB26299E7D00D171CC /* Build configuration list for PBXProject "orders" */;
			compatibilityVersion = "Xcode 9.3";
			developmentRegion = en;
			hasScannedForEncodings = 0;
			knownRegions = (
				en,
				Base,
			);
			mainGroup = D3B876D726299E7D00D171CC;
			productRefGroup = D3B876E126299E7D00D171CC /* Products */;
			projectDirPath = "";
			projectRoot = "";
			targets = (
				D3B876DF26299E7D00D171CC /* orders */,
				D3B876F526299E7E00D171CC /* ordersTests */,
				D3B8770026299E7E00D171CC /* ordersUITests */,
			);
		};
/* End PBXProject section */

/* Begin PBXResourcesBuildPhase section */
		D3B876DE26299E7D00D171CC /* Resources */ = {
			isa = PBXResourcesBuildPhase;
			buildActionMask = 2147483647;
			files = (
				D3B876F026299E7E00D171CC /* LaunchScreen.storyboard in Resources */,
				D3B876ED26299E7E00D171CC /* Assets.xcassets in Resources */,
				D3B876EB26299E7D00D171CC /* Main.storyboard in Resources */,
			);
			runOnlyForDeploymentPostprocessing = 0;
		};
		D3B876F426299E7E00D171CC /* Resources */ = {
			isa = PBXResourcesBuildPhase;
			buildActionMask = 2147483647;
			files = (
			);
			runOnlyForDeploymentPostprocessing = 0;
		};
		D3B876FF26299E7E00D171CC /* Resources */ = {
			isa = PBXResourcesBuildPhase;
			buildActionMask = 2147483647;
			files = (
			);
			runOnlyForDeploymentPostprocessing = 0;
		};
/* End PBXResourcesBuildPhase section */

/* Begin PBXSourcesBuildPhase section */
		D3B876DC26299E7D00D171CC /* Sources */ = {
			isa = PBXSourcesBuildPhase;
			buildActionMask = 2147483647;
			files = (
				D3B876E826299E7D00D171CC /* ViewController.swift in Sources */,
				D3B876E426299E7D00D171CC /* AppDelegate.swift in Sources */,
				D3B876E626299E7D00D171CC /* SceneDelegate.swift in Sources */,
			);
			runOnlyForDeploymentPostprocessing = 0;
		};
		D3B876F226299E7E00D171CC /* Sources */ = {
			isa = PBXSourcesBuildPhase;
			buildActionMask = 2147483647;
			files = (
				D3B876FB26299E7E00D171CC /* ordersTests.swift in Sources */,
			);
			runOnlyForDeploymentPostprocessing = 0;
		};
		D3B876FD26299E7E00D171CC /* Sources */ = {
			isa = PBXSourcesBuildPhase;
			buildActionMask = 2147483647;
			files = (
				D3B8770626299E7E00D171CC /* ordersUITests.swift in Sources */,
			);
			runOnlyForDeploymentPostprocessing = 0;
		};
/* End PBXSourcesBuildPhase section */

/* Begin PBXTargetDependency section */
		D3B876F826299E7E00D171CC /* PBXTargetDependency */ = {
			isa = PBXTargetDependency;
			target = D3B876DF26299E7D00D171CC /* orders */;
			targetProxy = D3B876F726299E7E00D171CC /* PBXContainerItemProxy */;
		};
		D3B8770326299E7E00D171CC /* PBXTargetDependency */ = {
			isa = PBXTargetDependency;
			target = D3B876DF26299E7D00D171CC /* orders */;
			targetProxy = D3B8770226299E7E00D171CC /* PBXContainerItemProxy */;
		};
/* End PBXTargetDependency section */

/* Begin PBXVariantGroup section */
		D3B876E926299E7D00D171CC /* Main.storyboard */ = {
			isa = PBXVariantGroup;
			children = (
				D3B876EA26299E7D00D171CC /* Base */,
			);
			name = Main.storyboard;
			sourceTree = "<group>";
		};
		D3B876EE26299E7E00D171CC /* LaunchScreen.storyboard */ = {
			isa = PBXVariantGroup;
			children = (
				D3B876EF26299E7E00D171CC /* Base */,
			);
			name = LaunchScreen.storyboard;
			sourceTree = "<group>";
		};
/* End PBXVariantGroup section */

/* Begin XCBuildConfiguration section */
		D3B8770826299E7E00D171CC /* Debug */ = {
			isa = XCBuildConfiguration;
			buildSettings = {
				ALWAYS_SEARCH_USER_PATHS = NO;
				CLANG_ANALYZER_NONNULL = YES;
				CLANG_ANALYZER_NUMBER_OBJECT_CONVERSION = YES_AGGRESSIVE;
				CLANG_CXX_LANGUAGE_STANDARD = "gnu++14";
				CLANG_CXX_LIBRARY = "libc++";
				CLANG_ENABLE_MODULES = YES;
				CLANG_ENABLE_OBJC_ARC = YES;
				CLANG_ENABLE_OBJC_WEAK = YES;
				CLANG_WARN_BLOCK_CAPTURE_AUTORELEASING = YES;
				CLANG_WARN_BOOL_CONVERSION = YES;
				CLANG_WARN_COMMA = YES;
				CLANG_WARN_CONSTANT_CONVERSION = YES;
				CLANG_WARN_DEPRECATED_OBJC_IMPLEMENTATIONS = YES;
				CLANG_WARN_DIRECT_OBJC_ISA_USAGE = YES_ERROR;
				CLANG_WARN_DOCUMENTATION_COMMENTS = YES;
				CLANG_WARN_EMPTY_BODY = YES;
				CLANG_WARN_ENUM_CONVERSION = YES;
				CLANG_WARN_INFINITE_RECURSION = YES;
				CLANG_WARN_INT_CONVERSION = YES;
				CLANG_WARN_NON_LITERAL_NULL_CONVERSION = YES;
				CLANG_WARN_OBJC_IMPLICIT_RETAIN_SELF = YES;
				CLANG_WARN_OBJC_LITERAL_CONVERSION = YES;
				CLANG_WARN_OBJC_ROOT_CLASS = YES_ERROR;
				CLANG_WARN_QUOTED_INCLUDE_IN_FRAMEWORK_HEADER = YES;
				CLANG_WARN_RANGE_LOOP_ANALYSIS = YES;
				CLANG_WARN_STRICT_PROTOTYPES = YES;
				CLANG_WARN_SUSPICIOUS_MOVE = YES;
				CLANG_WARN_UNGUARDED_AVAILABILITY = YES_AGGRESSIVE;
				CLANG_WARN_UNREACHABLE_CODE = YES;
				CLANG_WARN__DUPLICATE_METHOD_MATCH = YES;
				COPY_PHASE_STRIP = NO;
				DEBUG_INFORMATION_FORMAT = dwarf;
				ENABLE_STRICT_OBJC_MSGSEND = YES;
				ENABLE_TESTABILITY = YES;
				GCC_C_LANGUAGE_STANDARD = gnu11;
				GCC_DYNAMIC_NO_PIC = NO;
				GCC_NO_COMMON_BLOCKS = YES;
				GCC_OPTIMIZATION_LEVEL = 0;
				GCC_PREPROCESSOR_DEFINITIONS = (
					"DEBUG=1",
					"$(inherited)",
				);
				GCC_WARN_64_TO_32_BIT_CONVERSION = YES;
				GCC_WARN_ABOUT_RETURN_TYPE = YES_ERROR;
				GCC_WARN_UNDECLARED_SELECTOR = YES;
				GCC_WARN_UNINITIALIZED_AUTOS = YES_AGGRESSIVE;
				GCC_WARN_UNUSED_FUNCTION = YES;
				GCC_WARN_UNUSED_VARIABLE = YES;
				IPHONEOS_DEPLOYMENT_TARGET = 14.2;
				MTL_ENABLE_DEBUG_INFO = INCLUDE_SOURCE;
				MTL_FAST_MATH = YES;
				ONLY_ACTIVE_ARCH = YES;
				SDKROOT = iphoneos;
				SWIFT_ACTIVE_COMPILATION_CONDITIONS = DEBUG;
				SWIFT_OPTIMIZATION_LEVEL = "-Onone";
			};
			name = Debug;
		};
		D3B8770926299E7E00D171CC /* Release */ = {
			isa = XCBuildConfiguration;
			buildSettings = {
				ALWAYS_SEARCH_USER_PATHS = NO;
				CLANG_ANALYZER_NONNULL = YES;
				CLANG_ANALYZER_NUMBER_OBJECT_CONVERSION = YES_AGGRESSIVE;
				CLANG_CXX_LANGUAGE_STANDARD = "gnu++14";
				CLANG_CXX_LIBRARY = "libc++";
				CLANG_ENABLE_MODULES = YES;
				CLANG_ENABLE_OBJC_ARC = YES;
				CLANG_ENABLE_OBJC_WEAK = YES;
				CLANG_WARN_BLOCK_CAPTURE_AUTORELEASING = YES;
				CLANG_WARN_BOOL_CONVERSION = YES;
				CLANG_WARN_COMMA = YES;
				CLANG_WARN_CONSTANT_CONVERSION = YES;
				CLANG_WARN_DEPRECATED_OBJC_IMPLEMENTATIONS = YES;
				CLANG_WARN_DIRECT_OBJC_ISA_USAGE = YES_ERROR;
				CLANG_WARN_DOCUMENTATION_COMMENTS = YES;
				CLANG_WARN_EMPTY_BODY = YES;
				CLANG_WARN_ENUM_CONVERSION = YES;
				CLANG_WARN_INFINITE_RECURSION = YES;
				CLANG_WARN_INT_CONVERSION = YES;
				CLANG_WARN_NON_LITERAL_NULL_CONVERSION = YES;
				CLANG_WARN_OBJC_IMPLICIT_RETAIN_SELF = YES;
				CLANG_WARN_OBJC_LITERAL_CONVERSION = YES;
				CLANG_WARN_OBJC_ROOT_CLASS = YES_ERROR;
				CLANG_WARN_QUOTED_INCLUDE_IN_FRAMEWORK_HEADER = YES;
				CLANG_WARN_RANGE_LOOP_ANALYSIS = YES;
				CLANG_WARN_STRICT_PROTOTYPES = YES;
				CLANG_WARN_SUSPICIOUS_MOVE = YES;
				CLANG_WARN_UNGUARDED_AVAILABILITY = YES_AGGRESSIVE;
				CLANG_WARN_UNREACHABLE_CODE = YES;
				CLANG_WARN__DUPLICATE_METHOD_MATCH = YES;
				COPY_PHASE_STRIP = NO;
				DEBUG_INFORMATION_FORMAT = "dwarf-with-dsym";
				ENABLE_NS_ASSERTIONS = NO;
				ENABLE_STRICT_OBJC_MSGSEND = YES;
				GCC_C_LANGUAGE_STANDARD = gnu11;
				GCC_NO_COMMON_BLOCKS = YES;
				GCC_WARN_64_TO_32_BIT_CONVERSION = YES;
				GCC_WARN_ABOUT_RETURN_TYPE = YES_ERROR;
				GCC_WARN_UNDECLARED_SELECTOR = YES;
				GCC_WARN_UNINITIALIZED_AUTOS = YES_AGGRESSIVE;
				GCC_WARN_UNUSED_FUNCTION = YES;
				GCC_WARN_UNUSED_VARIABLE = YES;
				IPHONEOS_DEPLOYMENT_TARGET = 14.2;
				MTL_ENABLE_DEBUG_INFO = NO;
				MTL_FAST_MATH = YES;
				SDKROOT = iphoneos;
				SWIFT_COMPILATION_MODE = wholemodule;
				SWIFT_OPTIMIZATION_LEVEL = "-O";
				VALIDATE_PRODUCT = YES;
			};
			name = Release;
		};
		D3B8770B26299E7E00D171CC /* Debug */ = {
			isa = XCBuildConfiguration;
			buildSettings = {
				ASSETCATALOG_COMPILER_APPICON_NAME = AppIcon;
				ASSETCATALOG_COMPILER_GLOBAL_ACCENT_COLOR_NAME = AccentColor;
				CODE_SIGN_STYLE = Automatic;
				INFOPLIST_FILE = orders/Info.plist;
				LD_RUNPATH_SEARCH_PATHS = (
					"$(inherited)",
					"@executable_path/Frameworks",
				);
				PRODUCT_BUNDLE_IDENTIFIER = ru.bengus.orders;
				PRODUCT_NAME = "$(TARGET_NAME)";
				SWIFT_VERSION = 5.0;
				TARGETED_DEVICE_FAMILY = "1,2";
			};
			name = Debug;
		};
		D3B8770C26299E7E00D171CC /* Release */ = {
			isa = XCBuildConfiguration;
			buildSettings = {
				ASSETCATALOG_COMPILER_APPICON_NAME = AppIcon;
				ASSETCATALOG_COMPILER_GLOBAL_ACCENT_COLOR_NAME = AccentColor;
				CODE_SIGN_STYLE = Automatic;
				INFOPLIST_FILE = orders/Info.plist;
				LD_RUNPATH_SEARCH_PATHS = (
					"$(inherited)",
					"@executable_path/Frameworks",
				);
				PRODUCT_BUNDLE_IDENTIFIER = ru.bengus.orders;
				PRODUCT_NAME = "$(TARGET_NAME)";
				SWIFT_VERSION = 5.0;
				TARGETED_DEVICE_FAMILY = "1,2";
			};
			name = Release;
		};
		D3B8770E26299E7E00D171CC /* Debug */ = {
			isa = XCBuildConfiguration;
			buildSettings = {
				ALWAYS_EMBED_SWIFT_STANDARD_LIBRARIES = YES;
				BUNDLE_LOADER = "$(TEST_HOST)";
				CODE_SIGN_STYLE = Automatic;
				INFOPLIST_FILE = ordersTests/Info.plist;
				IPHONEOS_DEPLOYMENT_TARGET = 14.2;
				LD_RUNPATH_SEARCH_PATHS = (
					"$(inherited)",
					"@executable_path/Frameworks",
					"@loader_path/Frameworks",
				);
				PRODUCT_BUNDLE_IDENTIFIER = ru.bengus.ordersTests;
				PRODUCT_NAME = "$(TARGET_NAME)";
				SWIFT_VERSION = 5.0;
				TARGETED_DEVICE_FAMILY = "1,2";
				TEST_HOST = "$(BUILT_PRODUCTS_DIR)/orders.app/orders";
			};
			name = Debug;
		};
		D3B8770F26299E7E00D171CC /* Release */ = {
			isa = XCBuildConfiguration;
			buildSettings = {
				ALWAYS_EMBED_SWIFT_STANDARD_LIBRARIES = YES;
				BUNDLE_LOADER = "$(TEST_HOST)";
				CODE_SIGN_STYLE = Automatic;
				INFOPLIST_FILE = ordersTests/Info.plist;
				IPHONEOS_DEPLOYMENT_TARGET = 14.2;
				LD_RUNPATH_SEARCH_PATHS = (
					"$(inherited)",
					"@executable_path/Frameworks",
					"@loader_path/Frameworks",
				);
				PRODUCT_BUNDLE_IDENTIFIER = ru.bengus.ordersTests;
				PRODUCT_NAME = "$(TARGET_NAME)";
				SWIFT_VERSION = 5.0;
				TARGETED_DEVICE_FAMILY = "1,2";
				TEST_HOST = "$(BUILT_PRODUCTS_DIR)/orders.app/orders";
			};
			name = Release;
		};
		D3B8771126299E7E00D171CC /* Debug */ = {
			isa = XCBuildConfiguration;
			buildSettings = {
				ALWAYS_EMBED_SWIFT_STANDARD_LIBRARIES = YES;
				CODE_SIGN_STYLE = Automatic;
				INFOPLIST_FILE = ordersUITests/Info.plist;
				LD_RUNPATH_SEARCH_PATHS = (
					"$(inherited)",
					"@executable_path/Frameworks",
					"@loader_path/Frameworks",
				);
				PRODUCT_BUNDLE_IDENTIFIER = ru.bengus.ordersUITests;
				PRODUCT_NAME = "$(TARGET_NAME)";
				SWIFT_VERSION = 5.0;
				TARGETED_DEVICE_FAMILY = "1,2";
				TEST_TARGET_NAME = orders;
			};
			name = Debug;
		};
		D3B8771226299E7E00D171CC /* Release */ = {
			isa = XCBuildConfiguration;
			buildSettings = {
				ALWAYS_EMBED_SWIFT_STANDARD_LIBRARIES = YES;
				CODE_SIGN_STYLE = Automatic;
				INFOPLIST_FILE = ordersUITests/Info.plist;
				LD_RUNPATH_SEARCH_PATHS = (
					"$(inherited)",
					"@executable_path/Frameworks",
					"@loader_path/Frameworks",
				);
				PRODUCT_BUNDLE_IDENTIFIER = ru.bengus.ordersUITests;
				PRODUCT_NAME = "$(TARGET_NAME)";
				SWIFT_VERSION = 5.0;
				TARGETED_DEVICE_FAMILY = "1,2";
				TEST_TARGET_NAME = orders;
			};
			name = Release;
		};
/* End XCBuildConfiguration section */

/* Begin XCConfigurationList section */
		D3B876DB26299E7D00D171CC /* Build configuration list for PBXProject "orders" */ = {
			isa = XCConfigurationList;
			buildConfigurations = (
				D3B8770826299E7E00D171CC /* Debug */,
				D3B8770926299E7E00D171CC /* Release */,
			);
			defaultConfigurationIsVisible = 0;
			defaultConfigurationName = Release;
		};
		D3B8770A26299E7E00D171CC /* Build configuration list for PBXNativeTarget "orders" */ = {
			isa = XCConfigurationList;
			buildConfigurations = (
				D3B8770B26299E7E00D171CC /* Debug */,
				D3B8770C26299E7E00D171CC /* Release */,
			);
			defaultConfigurationIsVisible = 0;
			defaultConfigurationName = Release;
		};
		D3B8770D26299E7E00D171CC /* Build configuration list for PBXNativeTarget "ordersTests" */ = {
			isa = XCConfigurationList;
			buildConfigurations = (
				D3B8770E26299E7E00D171CC /* Debug */,
				D3B8770F26299E7E00D171CC /* Release */,
			);
			defaultConfigurationIsVisible = 0;
			defaultConfigurationName = Release;
		};
		D3B8771026299E7E00D171CC /* Build configuration list for PBXNativeTarget "ordersUITests" */ = {
			isa = XCConfigurationList;
			buildConfigurations = (
				D3B8771126299E7E00D171CC /* Debug */,
				D3B8771226299E7E00D171CC /* Release */,
			);
			defaultConfigurationIsVisible = 0;
			defaultConfigurationName = Release;
		};
/* End XCConfigurationList section */
	};
	rootObject = D3B876D826299E7D00D171CC /* Project object */;
}
